gitlab.hive.thyth.com/chronostruct/go-mosh v0.3.0 h1:ofS8WQdKvpnLByFy26vcjrVRcgE+EOBiSnZ9vAtJnNg=
gitlab.hive.thyth.com/chronostruct/go-mosh v0.3.0/go.mod h1:A2+61s6PYHNhU3e+zUgf+0XqNjxONizQjpVBFO8y5ac=
gitlab.hive.thyth.com/chronostruct/ttyrec3 v0.5.3 h1:JaRZ74NclDo9SUieUXBab9Mml+jhuxb+6Z+u6zW/BmM=
gitlab.hive.thyth.com/chronostruct/ttyrec3 v0.5.3/go.mod h1:tSwQVg3rNg++Ocrb5m41XNjVBJwoO7jOIlX6myKP8PU=
golang.org/x/crypto v0.52.0 h1:RMs7fP2rXdep0CftQlK8Uf+kibLm7qkCcradZWYz988=
golang.org/x/crypto v0.52.0/go.mod h1:1QgfPxDqh0T2M/elOJtp9RvuR95kVjir0e6/BvEmGbc=
golang.org/x/sys v0.45.0 h1:dO4czNzziLiiXplLQgBCEpCvXQ3dnkn0SdaZSYdQ+FY=
golang.org/x/sys v0.45.0/go.mod h1:4GL1E5IUh+htKOUEOaiffhrAeqysfVGipDYzABqnCmw=
golang.org/x/term v0.43.0 h1:S4RLU2sB31O/NCl+zFN9Aru9A/Cq2aqKpTZJ6B+DwT4=
golang.org/x/term v0.43.0/go.mod h1:lrhlHNdQJHO+1qVYiHfFKVuVioJIheAc3fBSMFYEIsk=
