gitlab.hive.thyth.com/chronostruct/go-mosh v0.2.3 h1:jgD/Wr4bBUh6isOkG6NO7wP1wt5cKneH1jd1If9gzEo=
gitlab.hive.thyth.com/chronostruct/go-mosh v0.2.3/go.mod h1:A2+61s6PYHNhU3e+zUgf+0XqNjxONizQjpVBFO8y5ac=
gitlab.hive.thyth.com/chronostruct/ttyrec3 v0.5.2 h1:eApNl5A18CazQmQNDqOgxry8NZvtCai30Ee16PHrwzo=
gitlab.hive.thyth.com/chronostruct/ttyrec3 v0.5.2/go.mod h1:tSwQVg3rNg++Ocrb5m41XNjVBJwoO7jOIlX6myKP8PU=
golang.org/x/crypto v0.45.0 h1:jMBrvKuj23MTlT0bQEOBcAE0mjg8mK9RXFhRH6nyF3Q=
golang.org/x/crypto v0.45.0/go.mod h1:XTGrrkGJve7CYK7J8PEww4aY7gM3qMCElcJQ8n8JdX4=
golang.org/x/sys v0.38.0 h1:3yZWxaJjBmCWXqhN1qh02AkOnCQ1poK6oF+a7xWL6Gc=
golang.org/x/sys v0.38.0/go.mod h1:OgkHotnGiDImocRcuBABYBEXf8A9a87e/uXjp9XT3ks=
golang.org/x/term v0.37.0 h1:8EGAD0qCmHYZg6J17DvsMy9/wJ7/D/4pV/wfnld5lTU=
golang.org/x/term v0.37.0/go.mod h1:5pB4lxRNYYVZuTLmy8oR2BH8dflOR+IbTYFD8fi3254=
