gitlab.hive.thyth.com/chronostruct/go-mosh v0.3.0 h1:ofS8WQdKvpnLByFy26vcjrVRcgE+EOBiSnZ9vAtJnNg=
gitlab.hive.thyth.com/chronostruct/go-mosh v0.3.0/go.mod h1:A2+61s6PYHNhU3e+zUgf+0XqNjxONizQjpVBFO8y5ac=
gitlab.hive.thyth.com/chronostruct/ttyrec3 v0.5.3 h1:JaRZ74NclDo9SUieUXBab9Mml+jhuxb+6Z+u6zW/BmM=
gitlab.hive.thyth.com/chronostruct/ttyrec3 v0.5.3/go.mod h1:tSwQVg3rNg++Ocrb5m41XNjVBJwoO7jOIlX6myKP8PU=
golang.org/x/crypto v0.50.0 h1:zO47/JPrL6vsNkINmLoo/PH1gcxpls50DNogFvB5ZGI=
golang.org/x/crypto v0.50.0/go.mod h1:3muZ7vA7PBCE6xgPX7nkzzjiUq87kRItoJQM1Yo8S+Q=
golang.org/x/sys v0.43.0 h1:Rlag2XtaFTxp19wS8MXlJwTvoh8ArU6ezoyFsMyCTNI=
golang.org/x/sys v0.43.0/go.mod h1:4GL1E5IUh+htKOUEOaiffhrAeqysfVGipDYzABqnCmw=
golang.org/x/term v0.42.0 h1:UiKe+zDFmJobeJ5ggPwOshJIVt6/Ft0rcfrXZDLWAWY=
golang.org/x/term v0.42.0/go.mod h1:Dq/D+snpsbazcBG5+F9Q1n2rXV8Ma+71xEjTRufARgY=
